{
  "originHash" : "c89bf4854db91ca9cf795549ba2c94657046132699dbcc34eb27f0f78c303a65",
  "pins" : [
    {
      "identity" : "uirouter-for-swiftui",
      "kind" : "remoteSourceControl",
      "location" : "https://github.com/istsest/UIRouter-for-SwiftUI",
      "state" : {
        "revision" : "fdbe7311ecf9b51db3c590eb017113cbf005c6e2",
        "version" : "0.0.4"
      }
    }
  ],
  "version" : 3
}
